// !$*UTF8*$!
{
	archiveVersion = 1;
	classes = {
	};
	objectVersion = 46;
	objects = {

/* Begin PBXBuildFile section */
		D91343F81DC3865400BDBFBF /* AppDelegate.swift in Sources */ = {isa = PBXBuildFile; fileRef = D91343F71DC3865400BDBFBF /* AppDelegate.swift */; };
		D91343FA1DC3865400BDBFBF /* ViewController.swift in Sources */ = {isa = PBXBuildFile; fileRef = D91343F91DC3865400BDBFBF /* ViewController.swift */; };
		D91343FD1DC3865400BDBFBF /* Main.storyboard in Resources */ = {isa = PBXBuildFile; fileRef = D91343FB1DC3865400BDBFBF /* Main.storyboard */; };
		D91344001DC3865400BDBFBF /* ThirdApp.xcdatamodeld in Sources */ = {isa = PBXBuildFile; fileRef = D91343FE1DC3865400BDBFBF /* ThirdApp.xcdatamodeld */; };
		D91344021DC3865400BDBFBF /* Assets.xcassets in Resources */ = {isa = PBXBuildFile; fileRef = D91344011DC3865400BDBFBF /* Assets.xcassets */; };
		D91344051DC3865400BDBFBF /* LaunchScreen.storyboard in Resources */ = {isa = PBXBuildFile; fileRef = D91344031DC3865400BDBFBF /* LaunchScreen.storyboard */; };
/* End PBXBuildFile section */

/* Begin PBXFileReference section */
		D91343F41DC3865400BDBFBF /* ThirdApp.app */ = {isa = PBXFileReference; explicitFileType = wrapper.application; includeInIndex = 0; path = ThirdApp.app; sourceTree = BUILT_PRODUCTS_DIR; };
		D91343F71DC3865400BDBFBF /* AppDelegate.swift */ = {isa = PBXFileReference; lastKnownFileType = sourcecode.swift; path = AppDelegate.swift; sourceTree = "<group>"; };
		D91343F91DC3865400BDBFBF /* ViewController.swift */ = {isa = PBXFileReference; lastKnownFileType = sourcecode.swift; path = ViewController.swift; sourceTree = "<group>"; };
		D91343FC1DC3865400BDBFBF /* Base */ = {isa = PBXFileReference; lastKnownFileType = file.storyboard; name = Base; path = Base.lproj/Main.storyboard; sourceTree = "<group>"; };
		D91343FF1DC3865400BDBFBF /* ThirdApp.xcdatamodel */ = {isa = PBXFileReference; lastKnownFileType = wrapper.xcdatamodel; path = ThirdApp.xcdatamodel; sourceTree = "<group>"; };
		D91344011DC3865400BDBFBF /* Assets.xcassets */ = {isa = PBXFileReference; lastKnownFileType = folder.assetcatalog; path = Assets.xcassets; sourceTree = "<group>"; };
		D91344041DC3865400BDBFBF /* Base */ = {isa = PBXFileReference; lastKnownFileType = file.storyboard; name = Base; path = Base.lproj/LaunchScreen.storyboard; sourceTree = "<group>"; };
		D91344061DC3865400BDBFBF /* Info.plist */ = {isa = PBXFileReference; lastKnownFileType = text.plist.xml; path = Info.plist; sourceTree = "<group>"; };
/* End PBXFileReference section */

/* Begin PBXFrameworksBuildPhase section */
		D91343F11DC3865400BDBFBF /* Frameworks */ = {
			isa = PBXFrameworksBuildPhase;
			buildActionMask = 2147483647;
			files = (
			);
			runOnlyForDeploymentPostprocessing = 0;
		};
/* End PBXFrameworksBuildPhase section */

/* Begin PBXGroup section */
		D91343EB1DC3865400BDBFBF = {
			isa = PBXGroup;
			children = (
				D91343F61DC3865400BDBFBF /* ThirdApp */,
				D91343F51DC3865400BDBFBF /* Products */,
			);
			sourceTree = "<group>";
		};
		D91343F51DC3865400BDBFBF /* Products */ = {
			isa = PBXGroup;
			children = (
				D91343F41DC3865400BDBFBF /* ThirdApp.app */,
			);
			name = Products;
			sourceTree = "<group>";
		};
		D91343F61DC3865400BDBFBF /* ThirdApp */ = {
			isa = PBXGroup;
			children = (
				D91343F71DC3865400BDBFBF /* AppDelegate.swift */,
				D91343F91DC3865400BDBFBF /* ViewController.swift */,
				D91343FB1DC3865400BDBFBF /* Main.storyboard */,
				D91344011DC3865400BDBFBF /* Assets.xcassets */,
				D91344031DC3865400BDBFBF /* LaunchScreen.storyboard */,
				D91344061DC3865400BDBFBF /* Info.plist */,
				D91343FE1DC3865400BDBFBF /* ThirdApp.xcdatamodeld */,
			);
			path = ThirdApp;
			sourceTree = "<group>";
		};
/* End PBXGroup section */

/* Begin PBXNativeTarget section */
		D91343F31DC3865400BDBFBF /* ThirdApp */ = {
			isa = PBXNativeTarget;
			buildConfigurationList = D91344091DC3865400BDBFBF /* Build configuration list for PBXNativeTarget "ThirdApp" */;
			buildPhases = (
				D91343F01DC3865400BDBFBF /* Sources */,
				D91343F11DC3865400BDBFBF /* Frameworks */,
				D91343F21DC3865400BDBFBF /* Resources */,
			);
			buildRules = (
			);
			dependencies = (
			);
			name = ThirdApp;
			productName = ThirdApp;
			productReference = D91343F41DC3865400BDBFBF /* ThirdApp.app */;
			productType = "com.apple.product-type.application";
		};
/* End PBXNativeTarget section */

/* Begin PBXProject section */
		D91343EC1DC3865400BDBFBF /* Project object */ = {
			isa = PBXProject;
			attributes = {
				LastSwiftUpdateCheck = 0810;
				LastUpgradeCheck = 0810;
				ORGANIZATIONNAME = "Pavlos Nicolaou";
				TargetAttributes = {
					D91343F31DC3865400BDBFBF = {
						CreatedOnToolsVersion = 8.1;
						DevelopmentTeam = WWK47579VD;
						ProvisioningStyle = Automatic;
					};
				};
			};
			buildConfigurationList = D91343EF1DC3865400BDBFBF /* Build configuration list for PBXProject "ThirdApp" */;
			compatibilityVersion = "Xcode 3.2";
			developmentRegion = English;
			hasScannedForEncodings = 0;
			knownRegions = (
				en,
				Base,
			);
			mainGroup = D91343EB1DC3865400BDBFBF;
			productRefGroup = D91343F51DC3865400BDBFBF /* Products */;
			projectDirPath = "";
			projectRoot = "";
			targets = (
				D91343F31DC3865400BDBFBF /* ThirdApp */,
			);
		};
/* End PBXProject section */

/* Begin PBXResourcesBuildPhase section */
		D91343F21DC3865400BDBFBF /* Resources */ = {
			isa = PBXResourcesBuildPhase;
			buildActionMask = 2147483647;
			files = (
				D91344051DC3865400BDBFBF /* LaunchScreen.storyboard in Resources */,
				D91344021DC3865400BDBFBF /* Assets.xcassets in Resources */,
				D91343FD1DC3865400BDBFBF /* Main.storyboard in Resources */,
			);
			runOnlyForDeploymentPostprocessing = 0;
		};
/* End PBXResourcesBuildPhase section */

/* Begin PBXSourcesBuildPhase section */
		D91343F01DC3865400BDBFBF /* Sources */ = {
			isa = PBXSourcesBuildPhase;
			buildActionMask = 2147483647;
			files = (
				D91343FA1DC3865400BDBFBF /* ViewController.swift in Sources */,
				D91344001DC3865400BDBFBF /* ThirdApp.xcdatamodeld in Sources */,
				D91343F81DC3865400BDBFBF /* AppDelegate.swift in Sources */,
			);
			runOnlyForDeploymentPostprocessing = 0;
		};
/* End PBXSourcesBuildPhase section */

/* Begin PBXVariantGroup section */
		D91343FB1DC3865400BDBFBF /* Main.storyboard */ = {
			isa = PBXVariantGroup;
			children = (
				D91343FC1DC3865400BDBFBF /* Base */,
			);
			name = Main.storyboard;
			sourceTree = "<group>";
		};
		D91344031DC3865400BDBFBF /* LaunchScreen.storyboard */ = {
			isa = PBXVariantGroup;
			children = (
				D91344041DC3865400BDBFBF /* Base */,
			);
			name = LaunchScreen.storyboard;
			sourceTree = "<group>";
		};
/* End PBXVariantGroup section */

/* Begin XCBuildConfiguration section */
		D91344071DC3865400BDBFBF /* Debug */ = {
			isa = XCBuildConfiguration;
			buildSettings = {
				ALWAYS_SEARCH_USER_PATHS = NO;
				CLANG_ANALYZER_NONNULL = YES;
				CLANG_CXX_LANGUAGE_STANDARD = "gnu++0x";
				CLANG_CXX_LIBRARY = "libc++";
				CLANG_ENABLE_MODULES = YES;
				CLANG_ENABLE_OBJC_ARC = YES;
				CLANG_WARN_BOOL_CONVERSION = YES;
				CLANG_WARN_CONSTANT_CONVERSION = YES;
				CLANG_WARN_DIRECT_OBJC_ISA_USAGE = YES_ERROR;
				CLANG_WARN_DOCUMENTATION_COMMENTS = YES;
				CLANG_WARN_EMPTY_BODY = YES;
				CLANG_WARN_ENUM_CONVERSION = YES;
				CLANG_WARN_INFINITE_RECURSION = YES;
				CLANG_WARN_INT_CONVERSION = YES;
				CLANG_WARN_OBJC_ROOT_CLASS = YES_ERROR;
				CLANG_WARN_SUSPICIOUS_MOVES = YES;
				CLANG_WARN_UNREACHABLE_CODE = YES;
				CLANG_WARN__DUPLICATE_METHOD_MATCH = YES;
				"CODE_SIGN_IDENTITY[sdk=iphoneos*]" = "iPhone Developer";
				COPY_PHASE_STRIP = NO;
				DEBUG_INFORMATION_FORMAT = dwarf;
				ENABLE_STRICT_OBJC_MSGSEND = YES;
				ENABLE_TESTABILITY = YES;
				GCC_C_LANGUAGE_STANDARD = gnu99;
				GCC_DYNAMIC_NO_PIC = NO;
				GCC_NO_COMMON_BLOCKS = YES;
				GCC_OPTIMIZATION_LEVEL = 0;
				GCC_PREPROCESSOR_DEFINITIONS = (
					"DEBUG=1",
					"$(inherited)",
				);
				GCC_WARN_64_TO_32_BIT_CONVERSION = YES;
				GCC_WARN_ABOUT_RETURN_TYPE = YES_ERROR;
				GCC_WARN_UNDECLARED_SELECTOR = YES;
				GCC_WARN_UNINITIALIZED_AUTOS = YES_AGGRESSIVE;
				GCC_WARN_UNUSED_FUNCTION = YES;
				GCC_WARN_UNUSED_VARIABLE = YES;
				IPHONEOS_DEPLOYMENT_TARGET = 10.1;
				MTL_ENABLE_DEBUG_INFO = YES;
				ONLY_ACTIVE_ARCH = YES;
				SDKROOT = iphoneos;
				SWIFT_ACTIVE_COMPILATION_CONDITIONS = DEBUG;
				SWIFT_OPTIMIZATION_LEVEL = "-Onone";
			};
			name = Debug;
		};
		D91344081DC3865400BDBFBF /* Release */ = {
			isa = XCBuildConfiguration;
			buildSettings = {
				ALWAYS_SEARCH_USER_PATHS = NO;
				CLANG_ANALYZER_NONNULL = YES;
				CLANG_CXX_LANGUAGE_STANDARD = "gnu++0x";
				CLANG_CXX_LIBRARY = "libc++";
				CLANG_ENABLE_MODULES = YES;
				CLANG_ENABLE_OBJC_ARC = YES;
				CLANG_WARN_BOOL_CONVERSION = YES;
				CLANG_WARN_CONSTANT_CONVERSION = YES;
				CLANG_WARN_DIRECT_OBJC_ISA_USAGE = YES_ERROR;
				CLANG_WARN_DOCUMENTATION_COMMENTS = YES;
				CLANG_WARN_EMPTY_BODY = YES;
				CLANG_WARN_ENUM_CONVERSION = YES;
				CLANG_WARN_INFINITE_RECURSION = YES;
				CLANG_WARN_INT_CONVERSION = YES;
				CLANG_WARN_OBJC_ROOT_CLASS = YES_ERROR;
				CLANG_WARN_SUSPICIOUS_MOVES = YES;
				CLANG_WARN_UNREACHABLE_CODE = YES;
				CLANG_WARN__DUPLICATE_METHOD_MATCH = YES;
				"CODE_SIGN_IDENTITY[sdk=iphoneos*]" = "iPhone Developer";
				COPY_PHASE_STRIP = NO;
				DEBUG_INFORMATION_FORMAT = "dwarf-with-dsym";
				ENABLE_NS_ASSERTIONS = NO;
				ENABLE_STRICT_OBJC_MSGSEND = YES;
				GCC_C_LANGUAGE_STANDARD = gnu99;
				GCC_NO_COMMON_BLOCKS = YES;
				GCC_WARN_64_TO_32_BIT_CONVERSION = YES;
				GCC_WARN_ABOUT_RETURN_TYPE = YES_ERROR;
				GCC_WARN_UNDECLARED_SELECTOR = YES;
				GCC_WARN_UNINITIALIZED_AUTOS = YES_AGGRESSIVE;
				GCC_WARN_UNUSED_FUNCTION = YES;
				GCC_WARN_UNUSED_VARIABLE = YES;
				IPHONEOS_DEPLOYMENT_TARGET = 10.1;
				MTL_ENABLE_DEBUG_INFO = NO;
				SDKROOT = iphoneos;
				SWIFT_OPTIMIZATION_LEVEL = "-Owholemodule";
				VALIDATE_PRODUCT = YES;
			};
			name = Release;
		};
		D913440A1DC3865400BDBFBF /* Debug */ = {
			isa = XCBuildConfiguration;
			buildSettings = {
				ASSETCATALOG_COMPILER_APPICON_NAME = AppIcon;
				DEVELOPMENT_TEAM = WWK47579VD;
				INFOPLIST_FILE = ThirdApp/Info.plist;
				LD_RUNPATH_SEARCH_PATHS = "$(inherited) @executable_path/Frameworks";
				PRODUCT_BUNDLE_IDENTIFIER = pavlosnicolaou.ThirdApp;
				PRODUCT_NAME = "$(TARGET_NAME)";
				SWIFT_VERSION = 3.0;
			};
			name = Debug;
		};
		D913440B1DC3865400BDBFBF /* Release */ = {
			isa = XCBuildConfiguration;
			buildSettings = {
				ASSETCATALOG_COMPILER_APPICON_NAME = AppIcon;
				DEVELOPMENT_TEAM = WWK47579VD;
				INFOPLIST_FILE = ThirdApp/Info.plist;
				LD_RUNPATH_SEARCH_PATHS = "$(inherited) @executable_path/Frameworks";
				PRODUCT_BUNDLE_IDENTIFIER = pavlosnicolaou.ThirdApp;
				PRODUCT_NAME = "$(TARGET_NAME)";
				SWIFT_VERSION = 3.0;
			};
			name = Release;
		};
/* End XCBuildConfiguration section */

/* Begin XCConfigurationList section */
		D91343EF1DC3865400BDBFBF /* Build configuration list for PBXProject "ThirdApp" */ = {
			isa = XCConfigurationList;
			buildConfigurations = (
				D91344071DC3865400BDBFBF /* Debug */,
				D91344081DC3865400BDBFBF /* Release */,
			);
			defaultConfigurationIsVisible = 0;
			defaultConfigurationName = Release;
		};
		D91344091DC3865400BDBFBF /* Build configuration list for PBXNativeTarget "ThirdApp" */ = {
			isa = XCConfigurationList;
			buildConfigurations = (
				D913440A1DC3865400BDBFBF /* Debug */,
				D913440B1DC3865400BDBFBF /* Release */,
			);
			defaultConfigurationIsVisible = 0;
		};
/* End XCConfigurationList section */

/* Begin XCVersionGroup section */
		D91343FE1DC3865400BDBFBF /* ThirdApp.xcdatamodeld */ = {
			isa = XCVersionGroup;
			children = (
				D91343FF1DC3865400BDBFBF /* ThirdApp.xcdatamodel */,
			);
			currentVersion = D91343FF1DC3865400BDBFBF /* ThirdApp.xcdatamodel */;
			path = ThirdApp.xcdatamodeld;
			sourceTree = "<group>";
			versionGroupType = wrapper.xcdatamodel;
		};
/* End XCVersionGroup section */
	};
	rootObject = D91343EC1DC3865400BDBFBF /* Project object */;
}
